// !$*UTF8*$!
{
	archiveVersion = 1;
	classes = {
	};
	objectVersion = 56;
	objects = {

/* Begin PBXBuildFile section */
		C71B7EEB2AB9C60800B297ED /* ColorModel.swift in Sources */ = {isa = PBXBuildFile; fileRef = C71B7EEA2AB9C60800B297ED /* ColorModel.swift */; };
		C77421212AA899FF0057DE8A /* AppDelegate.swift in Sources */ = {isa = PBXBuildFile; fileRef = C77421202AA899FF0057DE8A /* AppDelegate.swift */; };
		C77421232AA899FF0057DE8A /* SceneDelegate.swift in Sources */ = {isa = PBXBuildFile; fileRef = C77421222AA899FF0057DE8A /* SceneDelegate.swift */; };
		C77421252AA899FF0057DE8A /* ViewController.swift in Sources */ = {isa = PBXBuildFile; fileRef = C77421242AA899FF0057DE8A /* ViewController.swift */; };
		C77421282AA899FF0057DE8A /* Main.storyboard in Resources */ = {isa = PBXBuildFile; fileRef = C77421262AA899FF0057DE8A /* Main.storyboard */; };
		C774212A2AA89A010057DE8A /* Assets.xcassets in Resources */ = {isa = PBXBuildFile; fileRef = C77421292AA89A010057DE8A /* Assets.xcassets */; };
		C774212D2AA89A010057DE8A /* LaunchScreen.storyboard in Resources */ = {isa = PBXBuildFile; fileRef = C774212B2AA89A010057DE8A /* LaunchScreen.storyboard */; };
		C77421382AA910C80057DE8A /* ChangeBGVC.swift in Sources */ = {isa = PBXBuildFile; fileRef = C77421372AA910C80057DE8A /* ChangeBGVC.swift */; };
		C7F022812AAF48FA000A8E07 /* UIColorExt.swift in Sources */ = {isa = PBXBuildFile; fileRef = C7F022802AAF48FA000A8E07 /* UIColorExt.swift */; };
/* End PBXBuildFile section */

/* Begin PBXFileReference section */
		C71B7EEA2AB9C60800B297ED /* ColorModel.swift */ = {isa = PBXFileReference; lastKnownFileType = sourcecode.swift; path = ColorModel.swift; sourceTree = "<group>"; };
		C774211D2AA899FF0057DE8A /* DelegatesClosureSendDataApp.app */ = {isa = PBXFileReference; explicitFileType = wrapper.application; includeInIndex = 0; path = DelegatesClosureSendDataApp.app; sourceTree = BUILT_PRODUCTS_DIR; };
		C77421202AA899FF0057DE8A /* AppDelegate.swift */ = {isa = PBXFileReference; lastKnownFileType = sourcecode.swift; path = AppDelegate.swift; sourceTree = "<group>"; };
		C77421222AA899FF0057DE8A /* SceneDelegate.swift */ = {isa = PBXFileReference; lastKnownFileType = sourcecode.swift; path = SceneDelegate.swift; sourceTree = "<group>"; };
		C77421242AA899FF0057DE8A /* ViewController.swift */ = {isa = PBXFileReference; lastKnownFileType = sourcecode.swift; path = ViewController.swift; sourceTree = "<group>"; };
		C77421272AA899FF0057DE8A /* Base */ = {isa = PBXFileReference; lastKnownFileType = file.storyboard; name = Base; path = Base.lproj/Main.storyboard; sourceTree = "<group>"; };
		C77421292AA89A010057DE8A /* Assets.xcassets */ = {isa = PBXFileReference; lastKnownFileType = folder.assetcatalog; path = Assets.xcassets; sourceTree = "<group>"; };
		C774212C2AA89A010057DE8A /* Base */ = {isa = PBXFileReference; lastKnownFileType = file.storyboard; name = Base; path = Base.lproj/LaunchScreen.storyboard; sourceTree = "<group>"; };
		C774212E2AA89A010057DE8A /* Info.plist */ = {isa = PBXFileReference; lastKnownFileType = text.plist.xml; path = Info.plist; sourceTree = "<group>"; };
		C77421372AA910C80057DE8A /* ChangeBGVC.swift */ = {isa = PBXFileReference; lastKnownFileType = sourcecode.swift; path = ChangeBGVC.swift; sourceTree = "<group>"; };
		C7F022802AAF48FA000A8E07 /* UIColorExt.swift */ = {isa = PBXFileReference; lastKnownFileType = sourcecode.swift; path = UIColorExt.swift; sourceTree = "<group>"; };
/* End PBXFileReference section */

/* Begin PBXFrameworksBuildPhase section */
		C774211A2AA899FF0057DE8A /* Frameworks */ = {
			isa = PBXFrameworksBuildPhase;
			buildActionMask = 2147483647;
			files = (
			);
			runOnlyForDeploymentPostprocessing = 0;
		};
/* End PBXFrameworksBuildPhase section */

/* Begin PBXGroup section */
		C71B7EE92AB9C5E600B297ED /* Models */ = {
			isa = PBXGroup;
			children = (
				C71B7EEA2AB9C60800B297ED /* ColorModel.swift */,
			);
			path = Models;
			sourceTree = "<group>";
		};
		C77421142AA899FF0057DE8A = {
			isa = PBXGroup;
			children = (
				C774211F2AA899FF0057DE8A /* DelegatesClosureSendDataApp */,
				C774211E2AA899FF0057DE8A /* Products */,
			);
			sourceTree = "<group>";
		};
		C774211E2AA899FF0057DE8A /* Products */ = {
			isa = PBXGroup;
			children = (
				C774211D2AA899FF0057DE8A /* DelegatesClosureSendDataApp.app */,
			);
			name = Products;
			sourceTree = "<group>";
		};
		C774211F2AA899FF0057DE8A /* DelegatesClosureSendDataApp */ = {
			isa = PBXGroup;
			children = (
				C71B7EE92AB9C5E600B297ED /* Models */,
				C77421392AA9281B0057DE8A /* Extensions */,
				C77421362AA89AB40057DE8A /* Controllers */,
				C77421352AA89A9E0057DE8A /* Views */,
				C774212E2AA89A010057DE8A /* Info.plist */,
				C77421292AA89A010057DE8A /* Assets.xcassets */,
				C77421342AA89A7C0057DE8A /* App */,
			);
			path = DelegatesClosureSendDataApp;
			sourceTree = "<group>";
		};
		C77421342AA89A7C0057DE8A /* App */ = {
			isa = PBXGroup;
			children = (
				C77421202AA899FF0057DE8A /* AppDelegate.swift */,
				C77421222AA899FF0057DE8A /* SceneDelegate.swift */,
			);
			path = App;
			sourceTree = "<group>";
		};
		C77421352AA89A9E0057DE8A /* Views */ = {
			isa = PBXGroup;
			children = (
				C77421262AA899FF0057DE8A /* Main.storyboard */,
				C774212B2AA89A010057DE8A /* LaunchScreen.storyboard */,
			);
			path = Views;
			sourceTree = "<group>";
		};
		C77421362AA89AB40057DE8A /* Controllers */ = {
			isa = PBXGroup;
			children = (
				C77421242AA899FF0057DE8A /* ViewController.swift */,
				C77421372AA910C80057DE8A /* ChangeBGVC.swift */,
			);
			path = Controllers;
			sourceTree = "<group>";
		};
		C77421392AA9281B0057DE8A /* Extensions */ = {
			isa = PBXGroup;
			children = (
				C7F022802AAF48FA000A8E07 /* UIColorExt.swift */,
			);
			path = Extensions;
			sourceTree = "<group>";
		};
/* End PBXGroup section */

/* Begin PBXNativeTarget section */
		C774211C2AA899FF0057DE8A /* DelegatesClosureSendDataApp */ = {
			isa = PBXNativeTarget;
			buildConfigurationList = C77421312AA89A010057DE8A /* Build configuration list for PBXNativeTarget "DelegatesClosureSendDataApp" */;
			buildPhases = (
				C77421192AA899FF0057DE8A /* Sources */,
				C774211A2AA899FF0057DE8A /* Frameworks */,
				C774211B2AA899FF0057DE8A /* Resources */,
			);
			buildRules = (
			);
			dependencies = (
			);
			name = DelegatesClosureSendDataApp;
			productName = DelegatesClosureSendDataApp;
			productReference = C774211D2AA899FF0057DE8A /* DelegatesClosureSendDataApp.app */;
			productType = "com.apple.product-type.application";
		};
/* End PBXNativeTarget section */

/* Begin PBXProject section */
		C77421152AA899FF0057DE8A /* Project object */ = {
			isa = PBXProject;
			attributes = {
				BuildIndependentTargetsInParallel = 1;
				LastSwiftUpdateCheck = 1420;
				LastUpgradeCheck = 1420;
				TargetAttributes = {
					C774211C2AA899FF0057DE8A = {
						CreatedOnToolsVersion = 14.2;
					};
				};
			};
			buildConfigurationList = C77421182AA899FF0057DE8A /* Build configuration list for PBXProject "DelegatesClosureSendDataApp" */;
			compatibilityVersion = "Xcode 14.0";
			developmentRegion = en;
			hasScannedForEncodings = 0;
			knownRegions = (
				en,
				Base,
			);
			mainGroup = C77421142AA899FF0057DE8A;
			productRefGroup = C774211E2AA899FF0057DE8A /* Products */;
			projectDirPath = "";
			projectRoot = "";
			targets = (
				C774211C2AA899FF0057DE8A /* DelegatesClosureSendDataApp */,
			);
		};
/* End PBXProject section */

/* Begin PBXResourcesBuildPhase section */
		C774211B2AA899FF0057DE8A /* Resources */ = {
			isa = PBXResourcesBuildPhase;
			buildActionMask = 2147483647;
			files = (
				C774212D2AA89A010057DE8A /* LaunchScreen.storyboard in Resources */,
				C774212A2AA89A010057DE8A /* Assets.xcassets in Resources */,
				C77421282AA899FF0057DE8A /* Main.storyboard in Resources */,
			);
			runOnlyForDeploymentPostprocessing = 0;
		};
/* End PBXResourcesBuildPhase section */

/* Begin PBXSourcesBuildPhase section */
		C77421192AA899FF0057DE8A /* Sources */ = {
			isa = PBXSourcesBuildPhase;
			buildActionMask = 2147483647;
			files = (
				C77421252AA899FF0057DE8A /* ViewController.swift in Sources */,
				C71B7EEB2AB9C60800B297ED /* ColorModel.swift in Sources */,
				C7F022812AAF48FA000A8E07 /* UIColorExt.swift in Sources */,
				C77421212AA899FF0057DE8A /* AppDelegate.swift in Sources */,
				C77421232AA899FF0057DE8A /* SceneDelegate.swift in Sources */,
				C77421382AA910C80057DE8A /* ChangeBGVC.swift in Sources */,
			);
			runOnlyForDeploymentPostprocessing = 0;
		};
/* End PBXSourcesBuildPhase section */

/* Begin PBXVariantGroup section */
		C77421262AA899FF0057DE8A /* Main.storyboard */ = {
			isa = PBXVariantGroup;
			children = (
				C77421272AA899FF0057DE8A /* Base */,
			);
			name = Main.storyboard;
			sourceTree = "<group>";
		};
		C774212B2AA89A010057DE8A /* LaunchScreen.storyboard */ = {
			isa = PBXVariantGroup;
			children = (
				C774212C2AA89A010057DE8A /* Base */,
			);
			name = LaunchScreen.storyboard;
			sourceTree = "<group>";
		};
/* End PBXVariantGroup section */

/* Begin XCBuildConfiguration section */
		C774212F2AA89A010057DE8A /* Debug */ = {
			isa = XCBuildConfiguration;
			buildSettings = {
				ALWAYS_SEARCH_USER_PATHS = NO;
				CLANG_ANALYZER_NONNULL = YES;
				CLANG_ANALYZER_NUMBER_OBJECT_CONVERSION = YES_AGGRESSIVE;
				CLANG_CXX_LANGUAGE_STANDARD = "gnu++20";
				CLANG_ENABLE_MODULES = YES;
				CLANG_ENABLE_OBJC_ARC = YES;
				CLANG_ENABLE_OBJC_WEAK = YES;
				CLANG_WARN_BLOCK_CAPTURE_AUTORELEASING = YES;
				CLANG_WARN_BOOL_CONVERSION = YES;
				CLANG_WARN_COMMA = YES;
				CLANG_WARN_CONSTANT_CONVERSION = YES;
				CLANG_WARN_DEPRECATED_OBJC_IMPLEMENTATIONS = YES;
				CLANG_WARN_DIRECT_OBJC_ISA_USAGE = YES_ERROR;
				CLANG_WARN_DOCUMENTATION_COMMENTS = YES;
				CLANG_WARN_EMPTY_BODY = YES;
				CLANG_WARN_ENUM_CONVERSION = YES;
				CLANG_WARN_INFINITE_RECURSION = YES;
				CLANG_WARN_INT_CONVERSION = YES;
				CLANG_WARN_NON_LITERAL_NULL_CONVERSION = YES;
				CLANG_WARN_OBJC_IMPLICIT_RETAIN_SELF = YES;
				CLANG_WARN_OBJC_LITERAL_CONVERSION = YES;
				CLANG_WARN_OBJC_ROOT_CLASS = YES_ERROR;
				CLANG_WARN_QUOTED_INCLUDE_IN_FRAMEWORK_HEADER = YES;
				CLANG_WARN_RANGE_LOOP_ANALYSIS = YES;
				CLANG_WARN_STRICT_PROTOTYPES = YES;
				CLANG_WARN_SUSPICIOUS_MOVE = YES;
				CLANG_WARN_UNGUARDED_AVAILABILITY = YES_AGGRESSIVE;
				CLANG_WARN_UNREACHABLE_CODE = YES;
				CLANG_WARN__DUPLICATE_METHOD_MATCH = YES;
				COPY_PHASE_STRIP = NO;
				DEBUG_INFORMATION_FORMAT = dwarf;
				ENABLE_STRICT_OBJC_MSGSEND = YES;
				ENABLE_TESTABILITY = YES;
				GCC_C_LANGUAGE_STANDARD = gnu11;
				GCC_DYNAMIC_NO_PIC = NO;
				GCC_NO_COMMON_BLOCKS = YES;
				GCC_OPTIMIZATION_LEVEL = 0;
				GCC_PREPROCESSOR_DEFINITIONS = (
					"DEBUG=1",
					"$(inherited)",
				);
				GCC_WARN_64_TO_32_BIT_CONVERSION = YES;
				GCC_WARN_ABOUT_RETURN_TYPE = YES_ERROR;
				GCC_WARN_UNDECLARED_SELECTOR = YES;
				GCC_WARN_UNINITIALIZED_AUTOS = YES_AGGRESSIVE;
				GCC_WARN_UNUSED_FUNCTION = YES;
				GCC_WARN_UNUSED_VARIABLE = YES;
				IPHONEOS_DEPLOYMENT_TARGET = 16.2;
				MTL_ENABLE_DEBUG_INFO = INCLUDE_SOURCE;
				MTL_FAST_MATH = YES;
				ONLY_ACTIVE_ARCH = YES;
				SDKROOT = iphoneos;
				SWIFT_ACTIVE_COMPILATION_CONDITIONS = DEBUG;
				SWIFT_OPTIMIZATION_LEVEL = "-Onone";
			};
			name = Debug;
		};
		C77421302AA89A010057DE8A /* Release */ = {
			isa = XCBuildConfiguration;
			buildSettings = {
				ALWAYS_SEARCH_USER_PATHS = NO;
				CLANG_ANALYZER_NONNULL = YES;
				CLANG_ANALYZER_NUMBER_OBJECT_CONVERSION = YES_AGGRESSIVE;
				CLANG_CXX_LANGUAGE_STANDARD = "gnu++20";
				CLANG_ENABLE_MODULES = YES;
				CLANG_ENABLE_OBJC_ARC = YES;
				CLANG_ENABLE_OBJC_WEAK = YES;
				CLANG_WARN_BLOCK_CAPTURE_AUTORELEASING = YES;
				CLANG_WARN_BOOL_CONVERSION = YES;
				CLANG_WARN_COMMA = YES;
				CLANG_WARN_CONSTANT_CONVERSION = YES;
				CLANG_WARN_DEPRECATED_OBJC_IMPLEMENTATIONS = YES;
				CLANG_WARN_DIRECT_OBJC_ISA_USAGE = YES_ERROR;
				CLANG_WARN_DOCUMENTATION_COMMENTS = YES;
				CLANG_WARN_EMPTY_BODY = YES;
				CLANG_WARN_ENUM_CONVERSION = YES;
				CLANG_WARN_INFINITE_RECURSION = YES;
				CLANG_WARN_INT_CONVERSION = YES;
				CLANG_WARN_NON_LITERAL_NULL_CONVERSION = YES;
				CLANG_WARN_OBJC_IMPLICIT_RETAIN_SELF = YES;
				CLANG_WARN_OBJC_LITERAL_CONVERSION = YES;
				CLANG_WARN_OBJC_ROOT_CLASS = YES_ERROR;
				CLANG_WARN_QUOTED_INCLUDE_IN_FRAMEWORK_HEADER = YES;
				CLANG_WARN_RANGE_LOOP_ANALYSIS = YES;
				CLANG_WARN_STRICT_PROTOTYPES = YES;
				CLANG_WARN_SUSPICIOUS_MOVE = YES;
				CLANG_WARN_UNGUARDED_AVAILABILITY = YES_AGGRESSIVE;
				CLANG_WARN_UNREACHABLE_CODE = YES;
				CLANG_WARN__DUPLICATE_METHOD_MATCH = YES;
				COPY_PHASE_STRIP = NO;
				DEBUG_INFORMATION_FORMAT = "dwarf-with-dsym";
				ENABLE_NS_ASSERTIONS = NO;
				ENABLE_STRICT_OBJC_MSGSEND = YES;
				GCC_C_LANGUAGE_STANDARD = gnu11;
				GCC_NO_COMMON_BLOCKS = YES;
				GCC_WARN_64_TO_32_BIT_CONVERSION = YES;
				GCC_WARN_ABOUT_RETURN_TYPE = YES_ERROR;
				GCC_WARN_UNDECLARED_SELECTOR = YES;
				GCC_WARN_UNINITIALIZED_AUTOS = YES_AGGRESSIVE;
				GCC_WARN_UNUSED_FUNCTION = YES;
				GCC_WARN_UNUSED_VARIABLE = YES;
				IPHONEOS_DEPLOYMENT_TARGET = 16.2;
				MTL_ENABLE_DEBUG_INFO = NO;
				MTL_FAST_MATH = YES;
				SDKROOT = iphoneos;
				SWIFT_COMPILATION_MODE = wholemodule;
				SWIFT_OPTIMIZATION_LEVEL = "-O";
				VALIDATE_PRODUCT = YES;
			};
			name = Release;
		};
		C77421322AA89A010057DE8A /* Debug */ = {
			isa = XCBuildConfiguration;
			buildSettings = {
				ASSETCATALOG_COMPILER_APPICON_NAME = AppIcon;
				ASSETCATALOG_COMPILER_GLOBAL_ACCENT_COLOR_NAME = AccentColor;
				CODE_SIGN_STYLE = Automatic;
				CURRENT_PROJECT_VERSION = 1;
				DEVELOPMENT_TEAM = 3M52ZV2NZ3;
				GENERATE_INFOPLIST_FILE = YES;
				INFOPLIST_FILE = DelegatesClosureSendDataApp/Info.plist;
				INFOPLIST_KEY_UIApplicationSupportsIndirectInputEvents = YES;
				INFOPLIST_KEY_UILaunchStoryboardName = LaunchScreen;
				INFOPLIST_KEY_UIMainStoryboardFile = Main;
				INFOPLIST_KEY_UISupportedInterfaceOrientations_iPad = "UIInterfaceOrientationPortrait UIInterfaceOrientationPortraitUpsideDown UIInterfaceOrientationLandscapeLeft UIInterfaceOrientationLandscapeRight";
				INFOPLIST_KEY_UISupportedInterfaceOrientations_iPhone = "UIInterfaceOrientationPortrait UIInterfaceOrientationLandscapeLeft UIInterfaceOrientationLandscapeRight";
				LD_RUNPATH_SEARCH_PATHS = (
					"$(inherited)",
					"@executable_path/Frameworks",
				);
				MARKETING_VERSION = 1.0;
				PRODUCT_BUNDLE_IDENTIFIER = hhh.DelegatesClosureSendDataApp;
				PRODUCT_NAME = "$(TARGET_NAME)";
				SWIFT_EMIT_LOC_STRINGS = YES;
				SWIFT_VERSION = 5.0;
				TARGETED_DEVICE_FAMILY = "1,2";
			};
			name = Debug;
		};
		C77421332AA89A010057DE8A /* Release */ = {
			isa = XCBuildConfiguration;
			buildSettings = {
				ASSETCATALOG_COMPILER_APPICON_NAME = AppIcon;
				ASSETCATALOG_COMPILER_GLOBAL_ACCENT_COLOR_NAME = AccentColor;
				CODE_SIGN_STYLE = Automatic;
				CURRENT_PROJECT_VERSION = 1;
				DEVELOPMENT_TEAM = 3M52ZV2NZ3;
				GENERATE_INFOPLIST_FILE = YES;
				INFOPLIST_FILE = DelegatesClosureSendDataApp/Info.plist;
				INFOPLIST_KEY_UIApplicationSupportsIndirectInputEvents = YES;
				INFOPLIST_KEY_UILaunchStoryboardName = LaunchScreen;
				INFOPLIST_KEY_UIMainStoryboardFile = Main;
				INFOPLIST_KEY_UISupportedInterfaceOrientations_iPad = "UIInterfaceOrientationPortrait UIInterfaceOrientationPortraitUpsideDown UIInterfaceOrientationLandscapeLeft UIInterfaceOrientationLandscapeRight";
				INFOPLIST_KEY_UISupportedInterfaceOrientations_iPhone = "UIInterfaceOrientationPortrait UIInterfaceOrientationLandscapeLeft UIInterfaceOrientationLandscapeRight";
				LD_RUNPATH_SEARCH_PATHS = (
					"$(inherited)",
					"@executable_path/Frameworks",
				);
				MARKETING_VERSION = 1.0;
				PRODUCT_BUNDLE_IDENTIFIER = hhh.DelegatesClosureSendDataApp;
				PRODUCT_NAME = "$(TARGET_NAME)";
				SWIFT_EMIT_LOC_STRINGS = YES;
				SWIFT_VERSION = 5.0;
				TARGETED_DEVICE_FAMILY = "1,2";
			};
			name = Release;
		};
/* End XCBuildConfiguration section */

/* Begin XCConfigurationList section */
		C77421182AA899FF0057DE8A /* Build configuration list for PBXProject "DelegatesClosureSendDataApp" */ = {
			isa = XCConfigurationList;
			buildConfigurations = (
				C774212F2AA89A010057DE8A /* Debug */,
				C77421302AA89A010057DE8A /* Release */,
			);
			defaultConfigurationIsVisible = 0;
			defaultConfigurationName = Release;
		};
		C77421312AA89A010057DE8A /* Build configuration list for PBXNativeTarget "DelegatesClosureSendDataApp" */ = {
			isa = XCConfigurationList;
			buildConfigurations = (
				C77421322AA89A010057DE8A /* Debug */,
				C77421332AA89A010057DE8A /* Release */,
			);
			defaultConfigurationIsVisible = 0;
			defaultConfigurationName = Release;
		};
/* End XCConfigurationList section */
	};
	rootObject = C77421152AA899FF0057DE8A /* Project object */;
}
